
Microsoft Visual Studio Solution File, Format Version 12.00
# Visual Studio Version 17
VisualStudioVersion = 17.6.33829.357
MinimumVisualStudioVersion = 10.0.40219.1
Project("{FAE04EC0-301F-11D3-BF4B-00C04F79EFBC}") = "projee", "projee\projee.csproj", "{7F83D60A-C036-46E0-BAD2-3731E8AB6DD4}"
EndProject
Global
	GlobalSection(SolutionConfigurationPlatforms) = preSolution
		Debug|Any CPU = Debug|Any CPU
		Release|Any CPU = Release|Any CPU
	EndGlobalSection
	GlobalSection(ProjectConfigurationPlatforms) = postSolution
		{7F83D60A-C036-46E0-BAD2-3731E8AB6DD4}.Debug|Any CPU.ActiveCfg = Debug|Any CPU
		{7F83D60A-C036-46E0-BAD2-3731E8AB6DD4}.Debug|Any CPU.Build.0 = Debug|Any CPU
		{7F83D60A-C036-46E0-BAD2-3731E8AB6DD4}.Release|Any CPU.ActiveCfg = Release|Any CPU
		{7F83D60A-C036-46E0-BAD2-3731E8AB6DD4}.Release|Any CPU.Build.0 = Release|Any CPU
	EndGlobalSection
	GlobalSection(SolutionProperties) = preSolution
		HideSolutionNode = FALSE
	EndGlobalSection
	GlobalSection(ExtensibilityGlobals) = postSolution
		SolutionGuid = {AD550867-2A27-4D47-8939-2A3244C7C7AC}
	EndGlobalSection
EndGlobal
